Microsoft Visual Studio Solution File, Format Version 12.00
# Visual Studio Version 17
VisualStudioVersion = 17.4.33122.133
MinimumVisualStudioVersion = 10.0.40219.1
Project("{9A19103F-16F7-4668-BE54-9A1E7A4F7556}") = "TabStop_EachNCharacters.Net6", "TabStop_EachNCharacters\TabStop_EachNCharacters.Net6.csproj", "{2B344BD5-B2FE-4489-8F77-B0C3F9AB3145}"
EndProject
Global
	GlobalSection(SolutionConfigurationPlatforms) = preSolution
		Debug|Any CPU = Debug|Any CPU
		Release|Any CPU = Release|Any CPU
	EndGlobalSection
	GlobalSection(ProjectConfigurationPlatforms) = postSolution
		{2B344BD5-B2FE-4489-8F77-B0C3F9AB3145}.Debug|Any CPU.ActiveCfg = Debug|Any CPU
		{2B344BD5-B2FE-4489-8F77-B0C3F9AB3145}.Debug|Any CPU.Build.0 = Debug|Any CPU
		{2B344BD5-B2FE-4489-8F77-B0C3F9AB3145}.Release|Any CPU.ActiveCfg = Release|Any CPU
		{2B344BD5-B2FE-4489-8F77-B0C3F9AB3145}.Release|Any CPU.Build.0 = Release|Any CPU
	EndGlobalSection
	GlobalSection(SolutionProperties) = preSolution
		HideSolutionNode = FALSE
	EndGlobalSection
	GlobalSection(ExtensibilityGlobals) = postSolution
		SolutionGuid = {719FBD1F-8433-4BD0-B5AC-84D038183BDD}
	EndGlobalSection
EndGlobal
